
Microsoft Visual Studio Solution File, Format Version 12.00
# Visual Studio Version 17
VisualStudioVersion = 17.4.33122.133
MinimumVisualStudioVersion = 10.0.40219.1
Project("{FAE04EC0-301F-11D3-BF4B-00C04F79EFBC}") = "Print", "Print\Print.csproj", "{C7430854-4BDD-47A1-A2F0-8EB0F19D86F8}"
EndProject
Global
	GlobalSection(SolutionConfigurationPlatforms) = preSolution
		Debug|Any CPU = Debug|Any CPU
		Release|Any CPU = Release|Any CPU
	EndGlobalSection
	GlobalSection(ProjectConfigurationPlatforms) = postSolution
		{C7430854-4BDD-47A1-A2F0-8EB0F19D86F8}.Debug|Any CPU.ActiveCfg = Debug|Any CPU
		{C7430854-4BDD-47A1-A2F0-8EB0F19D86F8}.Debug|Any CPU.Build.0 = Debug|Any CPU
		{C7430854-4BDD-47A1-A2F0-8EB0F19D86F8}.Release|Any CPU.ActiveCfg = Release|Any CPU
		{C7430854-4BDD-47A1-A2F0-8EB0F19D86F8}.Release|Any CPU.Build.0 = Release|Any CPU
	EndGlobalSection
	GlobalSection(SolutionProperties) = preSolution
		HideSolutionNode = FALSE
	EndGlobalSection
	GlobalSection(ExtensibilityGlobals) = postSolution
		SolutionGuid = {EEB95B74-BFA1-403F-B6B3-4ED239700187}
	EndGlobalSection
EndGlobal
